
Microsoft Visual Studio Solution File, Format Version 12.00
# Visual Studio Version 17
VisualStudioVersion = 17.2.32616.157
MinimumVisualStudioVersion = 10.0.40219.1
Project("{FAE04EC0-301F-11D3-BF4B-00C04F79EFBC}") = "지렁이게임_3차", "지렁이게임_3차.csproj", "{002E05BB-DFC0-41F5-A6ED-9E11C2ABCFAD}"
EndProject
Global
	GlobalSection(SolutionConfigurationPlatforms) = preSolution
		Debug|Any CPU = Debug|Any CPU
		Release|Any CPU = Release|Any CPU
	EndGlobalSection
	GlobalSection(ProjectConfigurationPlatforms) = postSolution
		{002E05BB-DFC0-41F5-A6ED-9E11C2ABCFAD}.Debug|Any CPU.ActiveCfg = Debug|Any CPU
		{002E05BB-DFC0-41F5-A6ED-9E11C2ABCFAD}.Debug|Any CPU.Build.0 = Debug|Any CPU
		{002E05BB-DFC0-41F5-A6ED-9E11C2ABCFAD}.Release|Any CPU.ActiveCfg = Release|Any CPU
		{002E05BB-DFC0-41F5-A6ED-9E11C2ABCFAD}.Release|Any CPU.Build.0 = Release|Any CPU
	EndGlobalSection
	GlobalSection(SolutionProperties) = preSolution
		HideSolutionNode = FALSE
	EndGlobalSection
	GlobalSection(ExtensibilityGlobals) = postSolution
		SolutionGuid = {F565F177-5CCB-4876-A135-FD79750EAE1D}
	EndGlobalSection
EndGlobal
